
Microsoft Visual Studio Solution File, Format Version 12.00
# Visual Studio Version 17
VisualStudioVersion = 17.4.33205.214
MinimumVisualStudioVersion = 10.0.40219.1
Project("{FAE04EC0-301F-11D3-BF4B-00C04F79EFBC}") = "GUS_client", "GUS_client\GUS_client.csproj", "{720CD463-BD82-4191-A249-55AD3564910C}"
EndProject
Global
	GlobalSection(SolutionConfigurationPlatforms) = preSolution
		Debug|Any CPU = Debug|Any CPU
		Release|Any CPU = Release|Any CPU
	EndGlobalSection
	GlobalSection(ProjectConfigurationPlatforms) = postSolution
		{720CD463-BD82-4191-A249-55AD3564910C}.Debug|Any CPU.ActiveCfg = Debug|Any CPU
		{720CD463-BD82-4191-A249-55AD3564910C}.Debug|Any CPU.Build.0 = Debug|Any CPU
		{720CD463-BD82-4191-A249-55AD3564910C}.Release|Any CPU.ActiveCfg = Release|Any CPU
		{720CD463-BD82-4191-A249-55AD3564910C}.Release|Any CPU.Build.0 = Release|Any CPU
	EndGlobalSection
	GlobalSection(SolutionProperties) = preSolution
		HideSolutionNode = FALSE
	EndGlobalSection
	GlobalSection(ExtensibilityGlobals) = postSolution
		SolutionGuid = {23D6E9DC-A67D-4C25-8A53-4EC4D49CB6EB}
	EndGlobalSection
EndGlobal
